
Microsoft Visual Studio Solution File, Format Version 12.00
# Visual Studio 2012
Project("{FAE04EC0-301F-11D3-BF4B-00C04F79EFBC}") = "WeatherForecast", "WeatherForecast\WeatherForecast.csproj", "{357F5FC6-AC25-4A26-8A94-17B5DE5B159B}"
EndProject
Global
	GlobalSection(SolutionConfigurationPlatforms) = preSolution
		Debug|Any CPU = Debug|Any CPU
		Release|Any CPU = Release|Any CPU
	EndGlobalSection
	GlobalSection(ProjectConfigurationPlatforms) = postSolution
		{357F5FC6-AC25-4A26-8A94-17B5DE5B159B}.Debug|Any CPU.ActiveCfg = Debug|Any CPU
		{357F5FC6-AC25-4A26-8A94-17B5DE5B159B}.Debug|Any CPU.Build.0 = Debug|Any CPU
		{357F5FC6-AC25-4A26-8A94-17B5DE5B159B}.Release|Any CPU.ActiveCfg = Release|Any CPU
		{357F5FC6-AC25-4A26-8A94-17B5DE5B159B}.Release|Any CPU.Build.0 = Release|Any CPU
	EndGlobalSection
	GlobalSection(SolutionProperties) = preSolution
		HideSolutionNode = FALSE
	EndGlobalSection
EndGlobal
